
Microsoft Visual Studio Solution File, Format Version 12.00
# Visual Studio Version 16
VisualStudioVersion = 16.0.30611.23
MinimumVisualStudioVersion = 10.0.40219.1
Project("{FAE04EC0-301F-11D3-BF4B-00C04F79EFBC}") = "TaskManager", "TaskManager.csproj", "{69554C5D-8139-45AF-ADD4-4870208D9D62}"
EndProject
Global
	GlobalSection(SolutionConfigurationPlatforms) = preSolution
		Debug|Any CPU = Debug|Any CPU
		Release|Any CPU = Release|Any CPU
	EndGlobalSection
	GlobalSection(ProjectConfigurationPlatforms) = postSolution
		{69554C5D-8139-45AF-ADD4-4870208D9D62}.Debug|Any CPU.ActiveCfg = Debug|Any CPU
		{69554C5D-8139-45AF-ADD4-4870208D9D62}.Debug|Any CPU.Build.0 = Debug|Any CPU
		{69554C5D-8139-45AF-ADD4-4870208D9D62}.Release|Any CPU.ActiveCfg = Release|Any CPU
		{69554C5D-8139-45AF-ADD4-4870208D9D62}.Release|Any CPU.Build.0 = Release|Any CPU
	EndGlobalSection
	GlobalSection(SolutionProperties) = preSolution
		HideSolutionNode = FALSE
	EndGlobalSection
	GlobalSection(ExtensibilityGlobals) = postSolution
		SolutionGuid = {82AC8EE9-1819-44AB-82E7-8ECF5F28BB8F}
	EndGlobalSection
EndGlobal
